
Microsoft Visual Studio Solution File, Format Version 12.00
# Visual Studio 14
VisualStudioVersion = 14.0.23107.0
MinimumVisualStudioVersion = 10.0.40219.1
Project("{FAE04EC0-301F-11D3-BF4B-00C04F79EFBC}") = "PokeD.Client.Windows", "PokeD.Client.Windows.csproj", "{FC652EC1-7058-40C1-8CA5-ECF05F3E8550}"
EndProject
Project("{FAE04EC0-301F-11D3-BF4B-00C04F79EFBC}") = "PokeD.Client", "PokeD.Client\PokeD.Client.csproj", "{AFFE6677-050D-43CD-AF26-46024C80163F}"
EndProject
Project("{FAE04EC0-301F-11D3-BF4B-00C04F79EFBC}") = "PokeD.Core", "PokeD.Core\PokeD.Core.csproj", "{1CF84E56-3BBE-4A3A-9234-5951BF2558C3}"
EndProject
Global
	GlobalSection(SolutionConfigurationPlatforms) = preSolution
		Debug|Any CPU = Debug|Any CPU
		Debug|x86 = Debug|x86
		Release|Any CPU = Release|Any CPU
		Release|x86 = Release|x86
	EndGlobalSection
	GlobalSection(ProjectConfigurationPlatforms) = postSolution
		{FC652EC1-7058-40C1-8CA5-ECF05F3E8550}.Debug|Any CPU.ActiveCfg = Debug|x86
		{FC652EC1-7058-40C1-8CA5-ECF05F3E8550}.Debug|x86.ActiveCfg = Debug|x86
		{FC652EC1-7058-40C1-8CA5-ECF05F3E8550}.Debug|x86.Build.0 = Debug|x86
		{FC652EC1-7058-40C1-8CA5-ECF05F3E8550}.Release|Any CPU.ActiveCfg = Release|x86
		{FC652EC1-7058-40C1-8CA5-ECF05F3E8550}.Release|x86.ActiveCfg = Release|x86
		{FC652EC1-7058-40C1-8CA5-ECF05F3E8550}.Release|x86.Build.0 = Release|x86
		{AFFE6677-050D-43CD-AF26-46024C80163F}.Debug|Any CPU.ActiveCfg = Debug|Any CPU
		{AFFE6677-050D-43CD-AF26-46024C80163F}.Debug|Any CPU.Build.0 = Debug|Any CPU
		{AFFE6677-050D-43CD-AF26-46024C80163F}.Debug|x86.ActiveCfg = Debug|Any CPU
		{AFFE6677-050D-43CD-AF26-46024C80163F}.Debug|x86.Build.0 = Debug|Any CPU
		{AFFE6677-050D-43CD-AF26-46024C80163F}.Release|Any CPU.ActiveCfg = Release|Any CPU
		{AFFE6677-050D-43CD-AF26-46024C80163F}.Release|Any CPU.Build.0 = Release|Any CPU
		{AFFE6677-050D-43CD-AF26-46024C80163F}.Release|x86.ActiveCfg = Release|Any CPU
		{AFFE6677-050D-43CD-AF26-46024C80163F}.Release|x86.Build.0 = Release|Any CPU
		{1CF84E56-3BBE-4A3A-9234-5951BF2558C3}.Debug|Any CPU.ActiveCfg = Debug|Any CPU
		{1CF84E56-3BBE-4A3A-9234-5951BF2558C3}.Debug|Any CPU.Build.0 = Debug|Any CPU
		{1CF84E56-3BBE-4A3A-9234-5951BF2558C3}.Debug|x86.ActiveCfg = Debug|Any CPU
		{1CF84E56-3BBE-4A3A-9234-5951BF2558C3}.Debug|x86.Build.0 = Debug|Any CPU
		{1CF84E56-3BBE-4A3A-9234-5951BF2558C3}.Release|Any CPU.ActiveCfg = Release|Any CPU
		{1CF84E56-3BBE-4A3A-9234-5951BF2558C3}.Release|Any CPU.Build.0 = Release|Any CPU
		{1CF84E56-3BBE-4A3A-9234-5951BF2558C3}.Release|x86.ActiveCfg = Release|Any CPU
		{1CF84E56-3BBE-4A3A-9234-5951BF2558C3}.Release|x86.Build.0 = Release|Any CPU
	EndGlobalSection
	GlobalSection(SolutionProperties) = preSolution
		HideSolutionNode = FALSE
	EndGlobalSection
EndGlobal
